// !$*UTF8*$!
{
	archiveVersion = 1;
	classes = {
	};
	objectVersion = 48;
	objects = {

/* Begin PBXBuildFile section */
		122703301FB3895E00865212 /* Missle.cpp in Sources */ = {isa = PBXBuildFile; fileRef = 1227032E1FB3895E00865212 /* Missle.cpp */; };
		122703331FB4D2AD00865212 /* Spawner.cpp in Sources */ = {isa = PBXBuildFile; fileRef = 122703321FB4D2AD00865212 /* Spawner.cpp */; };
		123686FF1FAB83A7009B8CAE /* ResourcePath.mm in Sources */ = {isa = PBXBuildFile; fileRef = 123686FE1FAB83A7009B8CAE /* ResourcePath.mm */; };
		123687021FAB83A7009B8CAE /* main.cpp in Sources */ = {isa = PBXBuildFile; fileRef = 123687011FAB83A7009B8CAE /* main.cpp */; };
		123687091FAB83A8009B8CAE /* sansation.ttf in Resources */ = {isa = PBXBuildFile; fileRef = 123687081FAB83A8009B8CAE /* sansation.ttf */; };
		1236870B1FAB83A8009B8CAE /* icon.png in Resources */ = {isa = PBXBuildFile; fileRef = 1236870A1FAB83A8009B8CAE /* icon.png */; };
		123687131FAB8DD3009B8CAE /* Game.cpp in Sources */ = {isa = PBXBuildFile; fileRef = 123687111FAB8DD3009B8CAE /* Game.cpp */; };
		123687161FABB657009B8CAE /* cScreen.cpp in Sources */ = {isa = PBXBuildFile; fileRef = 123687141FABB657009B8CAE /* cScreen.cpp */; };
		123687191FABB753009B8CAE /* screen_01.cpp in Sources */ = {isa = PBXBuildFile; fileRef = 123687171FABB753009B8CAE /* screen_01.cpp */; };
		123E4D4C1FAF6D3E005E44F5 /* Obstacle.cpp in Sources */ = {isa = PBXBuildFile; fileRef = 123E4D4A1FAF6D3E005E44F5 /* Obstacle.cpp */; };
		123E4D4F1FAF6FEA005E44F5 /* SmallObstacle.cpp in Sources */ = {isa = PBXBuildFile; fileRef = 123E4D4D1FAF6FEA005E44F5 /* SmallObstacle.cpp */; };
		123E4D521FAF6FFB005E44F5 /* MediumObstacle.cpp in Sources */ = {isa = PBXBuildFile; fileRef = 123E4D501FAF6FFB005E44F5 /* MediumObstacle.cpp */; };
		123E4D551FAF7009005E44F5 /* BigObstacle.cpp in Sources */ = {isa = PBXBuildFile; fileRef = 123E4D531FAF7009005E44F5 /* BigObstacle.cpp */; };
		127E547A1FC5F14D00B667AA /* Collision.cpp in Sources */ = {isa = PBXBuildFile; fileRef = 127E54781FC5F14C00B667AA /* Collision.cpp */; };
		12A1A7841FB06D2D0055CF34 /* functions.cpp in Sources */ = {isa = PBXBuildFile; fileRef = 12A1A7821FB06D2D0055CF34 /* functions.cpp */; };
		12F7352A1FACAA83007FF8A8 /* Player.cpp in Sources */ = {isa = PBXBuildFile; fileRef = 12F735281FACAA83007FF8A8 /* Player.cpp */; };
		12F7352D1FACE5C7007FF8A8 /* Element.cpp in Sources */ = {isa = PBXBuildFile; fileRef = 12F7352B1FACE5C7007FF8A8 /* Element.cpp */; };
		12F735301FAE2830007FF8A8 /* screen_02.cpp in Sources */ = {isa = PBXBuildFile; fileRef = 12F7352E1FAE2830007FF8A8 /* screen_02.cpp */; };
/* End PBXBuildFile section */

/* Begin PBXFileReference section */
		1227032E1FB3895E00865212 /* Missle.cpp */ = {isa = PBXFileReference; lastKnownFileType = sourcecode.cpp.cpp; path = Missle.cpp; sourceTree = "<group>"; };
		1227032F1FB3895E00865212 /* Missle.hpp */ = {isa = PBXFileReference; lastKnownFileType = sourcecode.cpp.h; path = Missle.hpp; sourceTree = "<group>"; };
		122703311FB4D24200865212 /* asteroids */ = {isa = PBXFileReference; lastKnownFileType = folder; path = asteroids; sourceTree = SOURCE_ROOT; };
		122703321FB4D2AD00865212 /* Spawner.cpp */ = {isa = PBXFileReference; lastKnownFileType = sourcecode.cpp.cpp; path = Spawner.cpp; sourceTree = "<group>"; };
		123686F91FAB83A7009B8CAE /* SpaceRouge.app */ = {isa = PBXFileReference; explicitFileType = wrapper.application; includeInIndex = 0; path = SpaceRouge.app; sourceTree = BUILT_PRODUCTS_DIR; };
		123686FD1FAB83A7009B8CAE /* SpaceRouge-Info.plist */ = {isa = PBXFileReference; lastKnownFileType = text.plist.xml; path = "SpaceRouge-Info.plist"; sourceTree = "<group>"; };
		123686FE1FAB83A7009B8CAE /* ResourcePath.mm */ = {isa = PBXFileReference; lastKnownFileType = sourcecode.cpp.objcpp; path = ResourcePath.mm; sourceTree = "<group>"; };
		123687001FAB83A7009B8CAE /* ResourcePath.hpp */ = {isa = PBXFileReference; lastKnownFileType = sourcecode.cpp.h; path = ResourcePath.hpp; sourceTree = "<group>"; };
		123687011FAB83A7009B8CAE /* main.cpp */ = {isa = PBXFileReference; lastKnownFileType = sourcecode.cpp.cpp; path = main.cpp; sourceTree = "<group>"; };
		123687081FAB83A8009B8CAE /* sansation.ttf */ = {isa = PBXFileReference; lastKnownFileType = file; path = sansation.ttf; sourceTree = "<group>"; };
		1236870A1FAB83A8009B8CAE /* icon.png */ = {isa = PBXFileReference; lastKnownFileType = image.png; path = icon.png; sourceTree = "<group>"; };
		123687111FAB8DD3009B8CAE /* Game.cpp */ = {isa = PBXFileReference; lastKnownFileType = sourcecode.cpp.cpp; path = Game.cpp; sourceTree = "<group>"; };
		123687121FAB8DD3009B8CAE /* Game.hpp */ = {isa = PBXFileReference; lastKnownFileType = sourcecode.cpp.h; path = Game.hpp; sourceTree = "<group>"; };
		123687141FABB657009B8CAE /* cScreen.cpp */ = {isa = PBXFileReference; lastKnownFileType = sourcecode.cpp.cpp; path = cScreen.cpp; sourceTree = "<group>"; };
		123687151FABB657009B8CAE /* cScreen.hpp */ = {isa = PBXFileReference; lastKnownFileType = sourcecode.cpp.h; path = cScreen.hpp; sourceTree = "<group>"; };
		123687171FABB753009B8CAE /* screen_01.cpp */ = {isa = PBXFileReference; lastKnownFileType = sourcecode.cpp.cpp; path = screen_01.cpp; sourceTree = "<group>"; };
		123687181FABB753009B8CAE /* screen_01.hpp */ = {isa = PBXFileReference; lastKnownFileType = sourcecode.cpp.h; path = screen_01.hpp; sourceTree = "<group>"; };
		123E4D4A1FAF6D3E005E44F5 /* Obstacle.cpp */ = {isa = PBXFileReference; lastKnownFileType = sourcecode.cpp.cpp; path = Obstacle.cpp; sourceTree = "<group>"; };
		123E4D4B1FAF6D3E005E44F5 /* Obstacle.hpp */ = {isa = PBXFileReference; lastKnownFileType = sourcecode.cpp.h; path = Obstacle.hpp; sourceTree = "<group>"; };
		123E4D4D1FAF6FEA005E44F5 /* SmallObstacle.cpp */ = {isa = PBXFileReference; lastKnownFileType = sourcecode.cpp.cpp; path = SmallObstacle.cpp; sourceTree = "<group>"; };
		123E4D4E1FAF6FEA005E44F5 /* SmallObstacle.hpp */ = {isa = PBXFileReference; lastKnownFileType = sourcecode.cpp.h; path = SmallObstacle.hpp; sourceTree = "<group>"; };
		123E4D501FAF6FFB005E44F5 /* MediumObstacle.cpp */ = {isa = PBXFileReference; lastKnownFileType = sourcecode.cpp.cpp; path = MediumObstacle.cpp; sourceTree = "<group>"; };
		123E4D511FAF6FFB005E44F5 /* MediumObstacle.hpp */ = {isa = PBXFileReference; lastKnownFileType = sourcecode.cpp.h; path = MediumObstacle.hpp; sourceTree = "<group>"; };
		123E4D531FAF7009005E44F5 /* BigObstacle.cpp */ = {isa = PBXFileReference; lastKnownFileType = sourcecode.cpp.cpp; path = BigObstacle.cpp; sourceTree = "<group>"; };
		123E4D541FAF7009005E44F5 /* BigObstacle.hpp */ = {isa = PBXFileReference; lastKnownFileType = sourcecode.cpp.h; path = BigObstacle.hpp; sourceTree = "<group>"; };
		127E54781FC5F14C00B667AA /* Collision.cpp */ = {isa = PBXFileReference; lastKnownFileType = sourcecode.cpp.cpp; path = Collision.cpp; sourceTree = "<group>"; };
		127E54791FC5F14D00B667AA /* Collision.hpp */ = {isa = PBXFileReference; lastKnownFileType = sourcecode.cpp.h; path = Collision.hpp; sourceTree = "<group>"; };
		1297FC981FB61CA300C95751 /* MediumObstacleTextureSprite.png */ = {isa = PBXFileReference; lastKnownFileType = image.png; path = MediumObstacleTextureSprite.png; sourceTree = "<group>"; };
		1297FC991FB61FAD00C95751 /* BigObstacleTextureSprite.png */ = {isa = PBXFileReference; lastKnownFileType = image.png; path = BigObstacleTextureSprite.png; sourceTree = "<group>"; };
		1297FC9A1FB78AB500C95751 /* SmallObstacleTextureSprite.png */ = {isa = PBXFileReference; lastKnownFileType = image.png; path = SmallObstacleTextureSprite.png; sourceTree = "<group>"; };
		12A1A7821FB06D2D0055CF34 /* functions.cpp */ = {isa = PBXFileReference; lastKnownFileType = sourcecode.cpp.cpp; path = functions.cpp; sourceTree = "<group>"; };
		12A1A7831FB06D2D0055CF34 /* functions.hpp */ = {isa = PBXFileReference; lastKnownFileType = sourcecode.cpp.h; path = functions.hpp; sourceTree = "<group>"; };
		12AB557E1FB4E993002887D9 /* background.png */ = {isa = PBXFileReference; lastKnownFileType = image.png; path = background.png; sourceTree = "<group>"; };
		12F735281FACAA83007FF8A8 /* Player.cpp */ = {isa = PBXFileReference; lastKnownFileType = sourcecode.cpp.cpp; path = Player.cpp; sourceTree = "<group>"; };
		12F735291FACAA83007FF8A8 /* Player.hpp */ = {isa = PBXFileReference; lastKnownFileType = sourcecode.cpp.h; path = Player.hpp; sourceTree = "<group>"; };
		12F7352B1FACE5C7007FF8A8 /* Element.cpp */ = {isa = PBXFileReference; lastKnownFileType = sourcecode.cpp.cpp; path = Element.cpp; sourceTree = "<group>"; };
		12F7352C1FACE5C7007FF8A8 /* Element.hpp */ = {isa = PBXFileReference; lastKnownFileType = sourcecode.cpp.h; path = Element.hpp; sourceTree = "<group>"; };
		12F7352E1FAE2830007FF8A8 /* screen_02.cpp */ = {isa = PBXFileReference; lastKnownFileType = sourcecode.cpp.cpp; path = screen_02.cpp; sourceTree = "<group>"; };
		12F7352F1FAE2830007FF8A8 /* screen_02.hpp */ = {isa = PBXFileReference; lastKnownFileType = sourcecode.cpp.h; path = screen_02.hpp; sourceTree = "<group>"; };
/* End PBXFileReference section */

/* Begin PBXFrameworksBuildPhase section */
		123686F51FAB83A7009B8CAE /* Frameworks */ = {
			isa = PBXFrameworksBuildPhase;
			buildActionMask = 2147483647;
			files = (
			);
			runOnlyForDeploymentPostprocessing = 0;
		};
/* End PBXFrameworksBuildPhase section */

/* Begin PBXGroup section */
		123686EF1FAB83A7009B8CAE = {
			isa = PBXGroup;
			children = (
				12A1A7821FB06D2D0055CF34 /* functions.cpp */,
				12A1A7831FB06D2D0055CF34 /* functions.hpp */,
				123686FB1FAB83A7009B8CAE /* SpaceRouge */,
				123686FA1FAB83A7009B8CAE /* Products */,
			);
			sourceTree = "<group>";
		};
		123686FA1FAB83A7009B8CAE /* Products */ = {
			isa = PBXGroup;
			children = (
				123686F91FAB83A7009B8CAE /* SpaceRouge.app */,
			);
			name = Products;
			sourceTree = "<group>";
		};
		123686FB1FAB83A7009B8CAE /* SpaceRouge */ = {
			isa = PBXGroup;
			children = (
				12F735281FACAA83007FF8A8 /* Player.cpp */,
				123E4D4A1FAF6D3E005E44F5 /* Obstacle.cpp */,
				123E4D4B1FAF6D3E005E44F5 /* Obstacle.hpp */,
				123E4D4D1FAF6FEA005E44F5 /* SmallObstacle.cpp */,
				123E4D4E1FAF6FEA005E44F5 /* SmallObstacle.hpp */,
				123E4D501FAF6FFB005E44F5 /* MediumObstacle.cpp */,
				123E4D511FAF6FFB005E44F5 /* MediumObstacle.hpp */,
				123E4D531FAF7009005E44F5 /* BigObstacle.cpp */,
				123E4D541FAF7009005E44F5 /* BigObstacle.hpp */,
				12F7352E1FAE2830007FF8A8 /* screen_02.cpp */,
				12F7352F1FAE2830007FF8A8 /* screen_02.hpp */,
				12F735291FACAA83007FF8A8 /* Player.hpp */,
				12F7352B1FACE5C7007FF8A8 /* Element.cpp */,
				12F7352C1FACE5C7007FF8A8 /* Element.hpp */,
				123686FE1FAB83A7009B8CAE /* ResourcePath.mm */,
				123687001FAB83A7009B8CAE /* ResourcePath.hpp */,
				123687011FAB83A7009B8CAE /* main.cpp */,
				123687111FAB8DD3009B8CAE /* Game.cpp */,
				123687141FABB657009B8CAE /* cScreen.cpp */,
				123687171FABB753009B8CAE /* screen_01.cpp */,
				1227032E1FB3895E00865212 /* Missle.cpp */,
				127E54781FC5F14C00B667AA /* Collision.cpp */,
				127E54791FC5F14D00B667AA /* Collision.hpp */,
				1227032F1FB3895E00865212 /* Missle.hpp */,
				122703321FB4D2AD00865212 /* Spawner.cpp */,
				123687181FABB753009B8CAE /* screen_01.hpp */,
				123687151FABB657009B8CAE /* cScreen.hpp */,
				123687121FAB8DD3009B8CAE /* Game.hpp */,
				123687031FAB83A7009B8CAE /* Resources */,
				123686FC1FAB83A7009B8CAE /* Supporting Files */,
			);
			path = SpaceRouge;
			sourceTree = "<group>";
		};
		123686FC1FAB83A7009B8CAE /* Supporting Files */ = {
			isa = PBXGroup;
			children = (
				123686FD1FAB83A7009B8CAE /* SpaceRouge-Info.plist */,
			);
			name = "Supporting Files";
			sourceTree = "<group>";
		};
		123687031FAB83A7009B8CAE /* Resources */ = {
			isa = PBXGroup;
			children = (
				1297FC9A1FB78AB500C95751 /* SmallObstacleTextureSprite.png */,
				1297FC991FB61FAD00C95751 /* BigObstacleTextureSprite.png */,
				1297FC981FB61CA300C95751 /* MediumObstacleTextureSprite.png */,
				12AB557E1FB4E993002887D9 /* background.png */,
				122703311FB4D24200865212 /* asteroids */,
				123687081FAB83A8009B8CAE /* sansation.ttf */,
				1236870A1FAB83A8009B8CAE /* icon.png */,
			);
			name = Resources;
			sourceTree = "<group>";
		};
/* End PBXGroup section */

/* Begin PBXNativeTarget section */
		123686F81FAB83A7009B8CAE /* SpaceRouge */ = {
			isa = PBXNativeTarget;
			buildConfigurationList = 1236870E1FAB83A8009B8CAE /* Build configuration list for PBXNativeTarget "SpaceRouge" */;
			buildPhases = (
				123686F41FAB83A7009B8CAE /* Sources */,
				123686F51FAB83A7009B8CAE /* Frameworks */,
				123686F61FAB83A7009B8CAE /* Resources */,
				123686F71FAB83A7009B8CAE /* ShellScript */,
			);
			buildRules = (
			);
			dependencies = (
			);
			name = SpaceRouge;
			productName = SpaceRouge;
			productReference = 123686F91FAB83A7009B8CAE /* SpaceRouge.app */;
			productType = "com.apple.product-type.application";
		};
/* End PBXNativeTarget section */

/* Begin PBXProject section */
		123686F01FAB83A7009B8CAE /* Project object */ = {
			isa = PBXProject;
			attributes = {
				LastUpgradeCheck = 0900;
				ORGANIZATIONNAME = Miszo;
				TargetAttributes = {
					123686F81FAB83A7009B8CAE = {
						CreatedOnToolsVersion = 9.0;
						ProvisioningStyle = Automatic;
					};
				};
			};
			buildConfigurationList = 123686F31FAB83A7009B8CAE /* Build configuration list for PBXProject "SpaceRouge" */;
			compatibilityVersion = "Xcode 8.0";
			developmentRegion = en;
			hasScannedForEncodings = 0;
			knownRegions = (
				en,
			);
			mainGroup = 123686EF1FAB83A7009B8CAE;
			productRefGroup = 123686FA1FAB83A7009B8CAE /* Products */;
			projectDirPath = "";
			projectRoot = "";
			targets = (
				123686F81FAB83A7009B8CAE /* SpaceRouge */,
			);
		};
/* End PBXProject section */

/* Begin PBXResourcesBuildPhase section */
		123686F61FAB83A7009B8CAE /* Resources */ = {
			isa = PBXResourcesBuildPhase;
			buildActionMask = 2147483647;
			files = (
				1236870B1FAB83A8009B8CAE /* icon.png in Resources */,
				123687091FAB83A8009B8CAE /* sansation.ttf in Resources */,
			);
			runOnlyForDeploymentPostprocessing = 0;
		};
/* End PBXResourcesBuildPhase section */

/* Begin PBXShellScriptBuildPhase section */
		123686F71FAB83A7009B8CAE /* ShellScript */ = {
			isa = PBXShellScriptBuildPhase;
			buildActionMask = 2147483647;
			files = (
			);
			inputPaths = (
			);
			outputPaths = (
			);
			runOnlyForDeploymentPostprocessing = 0;
			shellPath = /bin/sh;
			shellScript = "# This shell script simply copies required SFML dylibs/frameworks into the application bundle frameworks folder.\n# If you're using static libraries (which is not recommended) you should remove this script from your project.\n\n# SETTINGS\nCMAKE_INSTALL_FRAMEWORK_PREFIX=\"/Library/Frameworks\"\nCMAKE_INSTALL_LIB_PREFIX=\"/usr/local/lib\"\nFRAMEWORKS_FULL_PATH=\"$BUILT_PRODUCTS_DIR/$FRAMEWORKS_FOLDER_PATH/\"\n\n# Are we building a project that uses frameworks or dylibs?\ncase \"$SFML_BINARY_TYPE\" in\n    DYLIBS)\n        frameworks=\"false\"\n        ;;\n    *)\n        frameworks=\"true\"\n        ;;\nesac\n\n# Echoes to stderr\nerror () # $* message to display\n{\n    echo $* 1>&2\n    exit 2\n}\n\nassert () # $1 is a boolean, $2...N is an error message\n{\n    if [ $# -lt 2 ]\n    then\n        error \"Internal error in assert: not enough args\"\n    fi\n\n    if [ $1 -ne 0 ]\n    then\n        shift\n        error \"$*\"\n    fi\n}\n\nforce_remove () # $@ is some paths\n{\n    test $# -ge 1\n    assert $? \"force_remove() requires at least one parameter\"\n    rm -fr $@\n    assert $? \"couldn't remove $@\"\n}\n\ncopy () # $1 is a source, $2 is a destination\n{\n    test $# -eq 2\n    assert $? \"copy() requires two parameters\"\n    ditto \"$1\" \"$2\"\n    assert $? \"couldn't copy $1 to $2\"\n}\n\nrequire () # $1 is a SFML module like 'system' or 'audio'\n{\n    dest=\"$BUILT_PRODUCTS_DIR/$FRAMEWORKS_FOLDER_PATH/\"\n\n    if [ -z \"$1\" ]\n    then\n        error \"require() requires one parameter!\"\n    else\n        # clean potentially old stuff\n        force_remove \"$dest/libsfml-$1\"*\n        force_remove \"$dest/sfml-$1.framework\"\n\n        # copy SFML libraries\n        if [ \"$frameworks\" = \"true\" ]\n        then\n            source=\"$CMAKE_INSTALL_FRAMEWORK_PREFIX/sfml-$1.framework\"\n            target=\"sfml-$1.framework\"\n        elif [ \"$SFML_LINK_DYLIBS_SUFFIX\" = \"-d\" ]\n        then\n            source=\"$CMAKE_INSTALL_LIB_PREFIX/libsfml-$1-d.dylib\"\n            target=\"`readlink $source`\"\n        else\n            source=\"$CMAKE_INSTALL_LIB_PREFIX/libsfml-$1.dylib\"\n            target=\"`readlink $source`\"\n        fi\n\n        copy \"$source\" \"$dest/$target\"\n\n        # copy extra dependencies\n        if [ \"$1\" = \"audio\" ]\n        then\n            # copy \"FLAC\" \"ogg\" \"vorbis\" \"vorbisenc\" \"vorbisfile\" \"OpenAL\" frameworks too\n            for f in \"FLAC\" \"ogg\" \"vorbis\" \"vorbisenc\" \"vorbisfile\" \"OpenAL\"\n            do\n                copy \"$CMAKE_INSTALL_FRAMEWORK_PREFIX/$f.framework\" \"$dest/$f.framework\"\n            done\n        elif [ \"$1\" = \"graphics\" ]\n        then\n            copy \"$CMAKE_INSTALL_FRAMEWORK_PREFIX/freetype.framework\" \"$dest/freetype.framework\"\n        fi\n    fi\n}\n\nif [ -n \"$SFML_SYSTEM\" ]\nthen\n    require \"system\"\nfi\n\nif [ -n \"$SFML_AUDIO\" ]\nthen\n    require \"audio\"\nfi\n\nif [ -n \"$SFML_NETWORK\" ]\nthen\n    require \"network\"\nfi\n\nif [ -n \"$SFML_WINDOW\" ]\nthen\n    require \"window\"\nfi\n\nif [ -n \"$SFML_GRAPHICS\" ]\nthen\n    require \"graphics\"\nfi\n\n                ";
		};
/* End PBXShellScriptBuildPhase section */

/* Begin PBXSourcesBuildPhase section */
		123686F41FAB83A7009B8CAE /* Sources */ = {
			isa = PBXSourcesBuildPhase;
			buildActionMask = 2147483647;
			files = (
				122703331FB4D2AD00865212 /* Spawner.cpp in Sources */,
				123E4D4F1FAF6FEA005E44F5 /* SmallObstacle.cpp in Sources */,
				123E4D521FAF6FFB005E44F5 /* MediumObstacle.cpp in Sources */,
				123687131FAB8DD3009B8CAE /* Game.cpp in Sources */,
				123687021FAB83A7009B8CAE /* main.cpp in Sources */,
				12F7352A1FACAA83007FF8A8 /* Player.cpp in Sources */,
				12F7352D1FACE5C7007FF8A8 /* Element.cpp in Sources */,
				12A1A7841FB06D2D0055CF34 /* functions.cpp in Sources */,
				123686FF1FAB83A7009B8CAE /* ResourcePath.mm in Sources */,
				122703301FB3895E00865212 /* Missle.cpp in Sources */,
				127E547A1FC5F14D00B667AA /* Collision.cpp in Sources */,
				123687161FABB657009B8CAE /* cScreen.cpp in Sources */,
				123687191FABB753009B8CAE /* screen_01.cpp in Sources */,
				12F735301FAE2830007FF8A8 /* screen_02.cpp in Sources */,
				123E4D4C1FAF6D3E005E44F5 /* Obstacle.cpp in Sources */,
				123E4D551FAF7009005E44F5 /* BigObstacle.cpp in Sources */,
			);
			runOnlyForDeploymentPostprocessing = 0;
		};
/* End PBXSourcesBuildPhase section */

/* Begin XCBuildConfiguration section */
		1236870C1FAB83A8009B8CAE /* Debug */ = {
			isa = XCBuildConfiguration;
			buildSettings = {
				ARCHS = "$(NATIVE_ARCH_ACTUAL)";
				CLANG_CXX_LANGUAGE_STANDARD = "c++0x";
				CLANG_CXX_LIBRARY = "libc++";
				FRAMEWORK_SEARCH_PATHS = (
					/Library/Frameworks/,
					"$(inherited)",
				);
				GCC_VERSION = com.apple.compilers.llvm.clang.1_0;
				HEADER_SEARCH_PATHS = (
					/usr/local/include/,
					"$(inherited)",
				);
				LIBRARY_SEARCH_PATHS = (
					/usr/local/lib/,
					"$(inherited)",
				);
				MACOSX_DEPLOYMENT_TARGET = 10.7;
				OTHER_LDFLAGS = (
					"$(inherited)",
					"$(SFML_SYSTEM)",
					"$(SFML_WINDOW)",
					"$(SFML_GRAPHICS)",
					"$(SFML_AUDIO)",
					"$(SFML_NETWORK)",
				);
				SFML_AUDIO = "$(SFML_LINK_PREFIX) sfml-audio$(SFML_LINK_SUFFIX)";
				SFML_BINARY_TYPE = FRAMEWORKS;
				SFML_GRAPHICS = "$(SFML_LINK_PREFIX) sfml-graphics$(SFML_LINK_SUFFIX)";
				SFML_LINK_DYLIBS_PREFIX = "-l";
				SFML_LINK_DYLIBS_SUFFIX = "";
				SFML_LINK_FRAMEWORKS_PREFIX = "-framework";
				SFML_LINK_FRAMEWORKS_SUFFIX = "";
				SFML_LINK_PREFIX = "$(SFML_LINK_$(SFML_BINARY_TYPE)_PREFIX)";
				SFML_LINK_SUFFIX = "$(SFML_LINK_$(SFML_BINARY_TYPE)_SUFFIX)";
				SFML_NETWORK = "$(SFML_LINK_PREFIX) sfml-network$(SFML_LINK_SUFFIX)";
				SFML_SYSTEM = "$(SFML_LINK_PREFIX) sfml-system$(SFML_LINK_SUFFIX)";
				SFML_WINDOW = "$(SFML_LINK_PREFIX) sfml-window$(SFML_LINK_SUFFIX)";
				SUPPORTED_PLATFORMS = macosx;
			};
			name = Debug;
		};
		1236870D1FAB83A8009B8CAE /* Release */ = {
			isa = XCBuildConfiguration;
			buildSettings = {
				ARCHS = "$(NATIVE_ARCH_ACTUAL)";
				CLANG_CXX_LANGUAGE_STANDARD = "c++0x";
				CLANG_CXX_LIBRARY = "libc++";
				FRAMEWORK_SEARCH_PATHS = (
					/Library/Frameworks/,
					"$(inherited)",
				);
				GCC_VERSION = com.apple.compilers.llvm.clang.1_0;
				HEADER_SEARCH_PATHS = (
					/usr/local/include/,
					"$(inherited)",
				);
				LIBRARY_SEARCH_PATHS = (
					/usr/local/lib/,
					"$(inherited)",
				);
				MACOSX_DEPLOYMENT_TARGET = 10.7;
				OTHER_LDFLAGS = (
					"$(inherited)",
					"$(SFML_SYSTEM)",
					"$(SFML_WINDOW)",
					"$(SFML_GRAPHICS)",
					"$(SFML_AUDIO)",
					"$(SFML_NETWORK)",
				);
				SFML_AUDIO = "$(SFML_LINK_PREFIX) sfml-audio$(SFML_LINK_SUFFIX)";
				SFML_BINARY_TYPE = FRAMEWORKS;
				SFML_GRAPHICS = "$(SFML_LINK_PREFIX) sfml-graphics$(SFML_LINK_SUFFIX)";
				SFML_LINK_DYLIBS_PREFIX = "-l";
				SFML_LINK_DYLIBS_SUFFIX = "";
				SFML_LINK_FRAMEWORKS_PREFIX = "-framework";
				SFML_LINK_FRAMEWORKS_SUFFIX = "";
				SFML_LINK_PREFIX = "$(SFML_LINK_$(SFML_BINARY_TYPE)_PREFIX)";
				SFML_LINK_SUFFIX = "$(SFML_LINK_$(SFML_BINARY_TYPE)_SUFFIX)";
				SFML_NETWORK = "$(SFML_LINK_PREFIX) sfml-network$(SFML_LINK_SUFFIX)";
				SFML_SYSTEM = "$(SFML_LINK_PREFIX) sfml-system$(SFML_LINK_SUFFIX)";
				SFML_WINDOW = "$(SFML_LINK_PREFIX) sfml-window$(SFML_LINK_SUFFIX)";
				SUPPORTED_PLATFORMS = macosx;
			};
			name = Release;
		};
		1236870F1FAB83A8009B8CAE /* Debug */ = {
			isa = XCBuildConfiguration;
			buildSettings = {
				CODE_SIGN_STYLE = Automatic;
				INFOPLIST_FILE = "SpaceRouge/SpaceRouge-Info.plist";
				LD_RUNPATH_SEARCH_PATHS = "@loader_path/../Frameworks";
				PRODUCT_NAME = "$(TARGET_NAME)";
			};
			name = Debug;
		};
		123687101FAB83A8009B8CAE /* Release */ = {
			isa = XCBuildConfiguration;
			buildSettings = {
				CODE_SIGN_STYLE = Automatic;
				INFOPLIST_FILE = "SpaceRouge/SpaceRouge-Info.plist";
				LD_RUNPATH_SEARCH_PATHS = "@loader_path/../Frameworks";
				PRODUCT_NAME = "$(TARGET_NAME)";
			};
			name = Release;
		};
/* End XCBuildConfiguration section */

/* Begin XCConfigurationList section */
		123686F31FAB83A7009B8CAE /* Build configuration list for PBXProject "SpaceRouge" */ = {
			isa = XCConfigurationList;
			buildConfigurations = (
				1236870C1FAB83A8009B8CAE /* Debug */,
				1236870D1FAB83A8009B8CAE /* Release */,
			);
			defaultConfigurationIsVisible = 0;
			defaultConfigurationName = Release;
		};
		1236870E1FAB83A8009B8CAE /* Build configuration list for PBXNativeTarget "SpaceRouge" */ = {
			isa = XCConfigurationList;
			buildConfigurations = (
				1236870F1FAB83A8009B8CAE /* Debug */,
				123687101FAB83A8009B8CAE /* Release */,
			);
			defaultConfigurationIsVisible = 0;
			defaultConfigurationName = Release;
		};
/* End XCConfigurationList section */
	};
	rootObject = 123686F01FAB83A7009B8CAE /* Project object */;
}
