// !$*UTF8*$!
{
	archiveVersion = 1;
	classes = {
	};
	objectVersion = 48;
	objects = {

/* Begin PBXBuildFile section */
		123686FF1FAB83A7009B8CAE /* ResourcePath.mm in Sources */ = {isa = PBXBuildFile; fileRef = 123686FE1FAB83A7009B8CAE /* ResourcePath.mm */; };
		123687091FAB83A8009B8CAE /* sansation.ttf in Resources */ = {isa = PBXBuildFile; fileRef = 123687081FAB83A8009B8CAE /* sansation.ttf */; };
		12A1A7841FB06D2D0055CF34 /* functions.cpp in Sources */ = {isa = PBXBuildFile; fileRef = 12A1A7821FB06D2D0055CF34 /* functions.cpp */; };
		12F194CB1FFEAFA900C6F13A /* SmallObstacleTextureSprite.png in Resources */ = {isa = PBXBuildFile; fileRef = 12F194CA1FFEAFA900C6F13A /* SmallObstacleTextureSprite.png */; };
		12F194CD1FFEAFCA00C6F13A /* BigObstacleTextureSprite.png in Resources */ = {isa = PBXBuildFile; fileRef = 12F194CC1FFEAFCA00C6F13A /* BigObstacleTextureSprite.png */; };
		12F194CF1FFEAFDF00C6F13A /* icon.png in Resources */ = {isa = PBXBuildFile; fileRef = 12F194CE1FFEAFDF00C6F13A /* icon.png */; };
		12F194D31FFEB42D00C6F13A /* headers in Resources */ = {isa = PBXBuildFile; fileRef = 12F194D11FFEB42C00C6F13A /* headers */; };
		12F195041FFEB7FE00C6F13A /* Player.cpp in Sources */ = {isa = PBXBuildFile; fileRef = 12F194F71FFEB7FC00C6F13A /* Player.cpp */; };
		12F195051FFEB7FE00C6F13A /* MediumObstacle.cpp in Sources */ = {isa = PBXBuildFile; fileRef = 12F194F81FFEB7FC00C6F13A /* MediumObstacle.cpp */; };
		12F195061FFEB7FE00C6F13A /* main.cpp in Sources */ = {isa = PBXBuildFile; fileRef = 12F194F91FFEB7FC00C6F13A /* main.cpp */; };
		12F195071FFEB7FE00C6F13A /* Element.cpp in Sources */ = {isa = PBXBuildFile; fileRef = 12F194FA1FFEB7FC00C6F13A /* Element.cpp */; };
		12F195081FFEB7FE00C6F13A /* Game.cpp in Sources */ = {isa = PBXBuildFile; fileRef = 12F194FB1FFEB7FD00C6F13A /* Game.cpp */; };
		12F195091FFEB7FE00C6F13A /* MeteorExplosion.cpp in Sources */ = {isa = PBXBuildFile; fileRef = 12F194FC1FFEB7FD00C6F13A /* MeteorExplosion.cpp */; };
		12F1950A1FFEB7FE00C6F13A /* cScreen.cpp in Sources */ = {isa = PBXBuildFile; fileRef = 12F194FD1FFEB7FD00C6F13A /* cScreen.cpp */; };
		12F1950B1FFEB7FE00C6F13A /* Collision.cpp in Sources */ = {isa = PBXBuildFile; fileRef = 12F194FE1FFEB7FD00C6F13A /* Collision.cpp */; };
		12F1950C1FFEB7FE00C6F13A /* Explosion.cpp in Sources */ = {isa = PBXBuildFile; fileRef = 12F194FF1FFEB7FD00C6F13A /* Explosion.cpp */; };
		12F1950D1FFEB7FE00C6F13A /* Missle.cpp in Sources */ = {isa = PBXBuildFile; fileRef = 12F195001FFEB7FD00C6F13A /* Missle.cpp */; };
		12F1950E1FFEB7FE00C6F13A /* Obstacle.cpp in Sources */ = {isa = PBXBuildFile; fileRef = 12F195011FFEB7FD00C6F13A /* Obstacle.cpp */; };
		12F1950F1FFEB7FE00C6F13A /* BigObstacle.cpp in Sources */ = {isa = PBXBuildFile; fileRef = 12F195021FFEB7FE00C6F13A /* BigObstacle.cpp */; };
		12F195101FFEB7FE00C6F13A /* MissleExplosion.cpp in Sources */ = {isa = PBXBuildFile; fileRef = 12F195031FFEB7FE00C6F13A /* MissleExplosion.cpp */; };
		12F195151FFEB80F00C6F13A /* Spawner.cpp in Sources */ = {isa = PBXBuildFile; fileRef = 12F195111FFEB80F00C6F13A /* Spawner.cpp */; };
		12F195161FFEB80F00C6F13A /* screen_01.cpp in Sources */ = {isa = PBXBuildFile; fileRef = 12F195121FFEB80F00C6F13A /* screen_01.cpp */; };
		12F195171FFEB80F00C6F13A /* screen_02.cpp in Sources */ = {isa = PBXBuildFile; fileRef = 12F195131FFEB80F00C6F13A /* screen_02.cpp */; };
		12F195181FFEB80F00C6F13A /* SmallObstacle.cpp in Sources */ = {isa = PBXBuildFile; fileRef = 12F195141FFEB80F00C6F13A /* SmallObstacle.cpp */; };
/* End PBXBuildFile section */

/* Begin PBXFileReference section */
		122703311FB4D24200865212 /* asteroids */ = {isa = PBXFileReference; lastKnownFileType = folder; path = asteroids; sourceTree = SOURCE_ROOT; };
		123686F91FAB83A7009B8CAE /* SpaceRouge.app */ = {isa = PBXFileReference; explicitFileType = wrapper.application; includeInIndex = 0; path = SpaceRouge.app; sourceTree = BUILT_PRODUCTS_DIR; };
		123686FD1FAB83A7009B8CAE /* SpaceRouge-Info.plist */ = {isa = PBXFileReference; lastKnownFileType = text.plist.xml; path = "SpaceRouge-Info.plist"; sourceTree = "<group>"; };
		123686FE1FAB83A7009B8CAE /* ResourcePath.mm */ = {isa = PBXFileReference; lastKnownFileType = sourcecode.cpp.objcpp; path = ResourcePath.mm; sourceTree = "<group>"; };
		123687081FAB83A8009B8CAE /* sansation.ttf */ = {isa = PBXFileReference; lastKnownFileType = file; path = sansation.ttf; sourceTree = "<group>"; };
		1297FC981FB61CA300C95751 /* MediumObstacleTextureSprite.png */ = {isa = PBXFileReference; lastKnownFileType = image.png; path = MediumObstacleTextureSprite.png; sourceTree = "<group>"; };
		12A1A7821FB06D2D0055CF34 /* functions.cpp */ = {isa = PBXFileReference; lastKnownFileType = sourcecode.cpp.cpp; path = functions.cpp; sourceTree = "<group>"; };
		12A1A7831FB06D2D0055CF34 /* functions.hpp */ = {isa = PBXFileReference; lastKnownFileType = sourcecode.cpp.h; path = functions.hpp; sourceTree = "<group>"; };
		12F194CA1FFEAFA900C6F13A /* SmallObstacleTextureSprite.png */ = {isa = PBXFileReference; lastKnownFileType = image.png; name = SmallObstacleTextureSprite.png; path = Resources/SmallObstacleTextureSprite.png; sourceTree = "<group>"; };
		12F194CC1FFEAFCA00C6F13A /* BigObstacleTextureSprite.png */ = {isa = PBXFileReference; lastKnownFileType = image.png; name = BigObstacleTextureSprite.png; path = Resources/BigObstacleTextureSprite.png; sourceTree = "<group>"; };
		12F194CE1FFEAFDF00C6F13A /* icon.png */ = {isa = PBXFileReference; lastKnownFileType = image.png; name = icon.png; path = Resources/icon.png; sourceTree = "<group>"; };
		12F194D11FFEB42C00C6F13A /* headers */ = {isa = PBXFileReference; lastKnownFileType = folder; path = headers; sourceTree = "<group>"; };
		12F194F71FFEB7FC00C6F13A /* Player.cpp */ = {isa = PBXFileReference; fileEncoding = 4; lastKnownFileType = sourcecode.cpp.cpp; path = Player.cpp; sourceTree = "<group>"; };
		12F194F81FFEB7FC00C6F13A /* MediumObstacle.cpp */ = {isa = PBXFileReference; fileEncoding = 4; lastKnownFileType = sourcecode.cpp.cpp; path = MediumObstacle.cpp; sourceTree = "<group>"; };
		12F194F91FFEB7FC00C6F13A /* main.cpp */ = {isa = PBXFileReference; fileEncoding = 4; lastKnownFileType = sourcecode.cpp.cpp; path = main.cpp; sourceTree = "<group>"; };
		12F194FA1FFEB7FC00C6F13A /* Element.cpp */ = {isa = PBXFileReference; fileEncoding = 4; lastKnownFileType = sourcecode.cpp.cpp; path = Element.cpp; sourceTree = "<group>"; };
		12F194FB1FFEB7FD00C6F13A /* Game.cpp */ = {isa = PBXFileReference; fileEncoding = 4; lastKnownFileType = sourcecode.cpp.cpp; path = Game.cpp; sourceTree = "<group>"; };
		12F194FC1FFEB7FD00C6F13A /* MeteorExplosion.cpp */ = {isa = PBXFileReference; fileEncoding = 4; lastKnownFileType = sourcecode.cpp.cpp; path = MeteorExplosion.cpp; sourceTree = "<group>"; };
		12F194FD1FFEB7FD00C6F13A /* cScreen.cpp */ = {isa = PBXFileReference; fileEncoding = 4; lastKnownFileType = sourcecode.cpp.cpp; path = cScreen.cpp; sourceTree = "<group>"; };
		12F194FE1FFEB7FD00C6F13A /* Collision.cpp */ = {isa = PBXFileReference; fileEncoding = 4; lastKnownFileType = sourcecode.cpp.cpp; path = Collision.cpp; sourceTree = "<group>"; };
		12F194FF1FFEB7FD00C6F13A /* Explosion.cpp */ = {isa = PBXFileReference; fileEncoding = 4; lastKnownFileType = sourcecode.cpp.cpp; path = Explosion.cpp; sourceTree = "<group>"; };
		12F195001FFEB7FD00C6F13A /* Missle.cpp */ = {isa = PBXFileReference; fileEncoding = 4; lastKnownFileType = sourcecode.cpp.cpp; path = Missle.cpp; sourceTree = "<group>"; };
		12F195011FFEB7FD00C6F13A /* Obstacle.cpp */ = {isa = PBXFileReference; fileEncoding = 4; lastKnownFileType = sourcecode.cpp.cpp; path = Obstacle.cpp; sourceTree = "<group>"; };
		12F195021FFEB7FE00C6F13A /* BigObstacle.cpp */ = {isa = PBXFileReference; fileEncoding = 4; lastKnownFileType = sourcecode.cpp.cpp; path = BigObstacle.cpp; sourceTree = "<group>"; };
		12F195031FFEB7FE00C6F13A /* MissleExplosion.cpp */ = {isa = PBXFileReference; fileEncoding = 4; lastKnownFileType = sourcecode.cpp.cpp; path = MissleExplosion.cpp; sourceTree = "<group>"; };
		12F195111FFEB80F00C6F13A /* Spawner.cpp */ = {isa = PBXFileReference; fileEncoding = 4; lastKnownFileType = sourcecode.cpp.cpp; path = Spawner.cpp; sourceTree = "<group>"; };
		12F195121FFEB80F00C6F13A /* screen_01.cpp */ = {isa = PBXFileReference; fileEncoding = 4; lastKnownFileType = sourcecode.cpp.cpp; path = screen_01.cpp; sourceTree = "<group>"; };
		12F195131FFEB80F00C6F13A /* screen_02.cpp */ = {isa = PBXFileReference; fileEncoding = 4; lastKnownFileType = sourcecode.cpp.cpp; path = screen_02.cpp; sourceTree = "<group>"; };
		12F195141FFEB80F00C6F13A /* SmallObstacle.cpp */ = {isa = PBXFileReference; fileEncoding = 4; lastKnownFileType = sourcecode.cpp.cpp; path = SmallObstacle.cpp; sourceTree = "<group>"; };
/* End PBXFileReference section */

/* Begin PBXFrameworksBuildPhase section */
		123686F51FAB83A7009B8CAE /* Frameworks */ = {
			isa = PBXFrameworksBuildPhase;
			buildActionMask = 2147483647;
			files = (
			);
			runOnlyForDeploymentPostprocessing = 0;
		};
/* End PBXFrameworksBuildPhase section */

/* Begin PBXGroup section */
		123686EF1FAB83A7009B8CAE = {
			isa = PBXGroup;
			children = (
				12A1A7821FB06D2D0055CF34 /* functions.cpp */,
				12A1A7831FB06D2D0055CF34 /* functions.hpp */,
				123686FB1FAB83A7009B8CAE /* SpaceRouge */,
				123686FA1FAB83A7009B8CAE /* Products */,
			);
			sourceTree = "<group>";
		};
		123686FA1FAB83A7009B8CAE /* Products */ = {
			isa = PBXGroup;
			children = (
				123686F91FAB83A7009B8CAE /* SpaceRouge.app */,
			);
			name = Products;
			sourceTree = "<group>";
		};
		123686FB1FAB83A7009B8CAE /* SpaceRouge */ = {
			isa = PBXGroup;
			children = (
				12F195121FFEB80F00C6F13A /* screen_01.cpp */,
				12F195131FFEB80F00C6F13A /* screen_02.cpp */,
				12F195141FFEB80F00C6F13A /* SmallObstacle.cpp */,
				12F195111FFEB80F00C6F13A /* Spawner.cpp */,
				12F195021FFEB7FE00C6F13A /* BigObstacle.cpp */,
				12F194FE1FFEB7FD00C6F13A /* Collision.cpp */,
				12F194FD1FFEB7FD00C6F13A /* cScreen.cpp */,
				12F194FA1FFEB7FC00C6F13A /* Element.cpp */,
				12F194FF1FFEB7FD00C6F13A /* Explosion.cpp */,
				12F194FB1FFEB7FD00C6F13A /* Game.cpp */,
				12F194F91FFEB7FC00C6F13A /* main.cpp */,
				12F194F81FFEB7FC00C6F13A /* MediumObstacle.cpp */,
				12F194FC1FFEB7FD00C6F13A /* MeteorExplosion.cpp */,
				12F195001FFEB7FD00C6F13A /* Missle.cpp */,
				12F195031FFEB7FE00C6F13A /* MissleExplosion.cpp */,
				12F195011FFEB7FD00C6F13A /* Obstacle.cpp */,
				12F194F71FFEB7FC00C6F13A /* Player.cpp */,
				12F194D11FFEB42C00C6F13A /* headers */,
				123686FE1FAB83A7009B8CAE /* ResourcePath.mm */,
				123687031FAB83A7009B8CAE /* Resources */,
				123686FC1FAB83A7009B8CAE /* Supporting Files */,
			);
			path = SpaceRouge;
			sourceTree = "<group>";
		};
		123686FC1FAB83A7009B8CAE /* Supporting Files */ = {
			isa = PBXGroup;
			children = (
				123686FD1FAB83A7009B8CAE /* SpaceRouge-Info.plist */,
			);
			name = "Supporting Files";
			sourceTree = "<group>";
		};
		123687031FAB83A7009B8CAE /* Resources */ = {
			isa = PBXGroup;
			children = (
				12F194CA1FFEAFA900C6F13A /* SmallObstacleTextureSprite.png */,
				12F194CC1FFEAFCA00C6F13A /* BigObstacleTextureSprite.png */,
				1297FC981FB61CA300C95751 /* MediumObstacleTextureSprite.png */,
				12F194CE1FFEAFDF00C6F13A /* icon.png */,
				122703311FB4D24200865212 /* asteroids */,
				123687081FAB83A8009B8CAE /* sansation.ttf */,
			);
			name = Resources;
			sourceTree = "<group>";
		};
/* End PBXGroup section */

/* Begin PBXNativeTarget section */
		123686F81FAB83A7009B8CAE /* SpaceRouge */ = {
			isa = PBXNativeTarget;
			buildConfigurationList = 1236870E1FAB83A8009B8CAE /* Build configuration list for PBXNativeTarget "SpaceRouge" */;
			buildPhases = (
				123686F41FAB83A7009B8CAE /* Sources */,
				123686F51FAB83A7009B8CAE /* Frameworks */,
				123686F61FAB83A7009B8CAE /* Resources */,
				123686F71FAB83A7009B8CAE /* ShellScript */,
			);
			buildRules = (
			);
			dependencies = (
			);
			name = SpaceRouge;
			productName = SpaceRouge;
			productReference = 123686F91FAB83A7009B8CAE /* SpaceRouge.app */;
			productType = "com.apple.product-type.application";
		};
/* End PBXNativeTarget section */

/* Begin PBXProject section */
		123686F01FAB83A7009B8CAE /* Project object */ = {
			isa = PBXProject;
			attributes = {
				LastUpgradeCheck = 0920;
				ORGANIZATIONNAME = Miszo;
				TargetAttributes = {
					123686F81FAB83A7009B8CAE = {
						CreatedOnToolsVersion = 9.0;
						ProvisioningStyle = Automatic;
					};
				};
			};
			buildConfigurationList = 123686F31FAB83A7009B8CAE /* Build configuration list for PBXProject "SpaceRouge" */;
			compatibilityVersion = "Xcode 8.0";
			developmentRegion = en;
			hasScannedForEncodings = 0;
			knownRegions = (
				en,
			);
			mainGroup = 123686EF1FAB83A7009B8CAE;
			productRefGroup = 123686FA1FAB83A7009B8CAE /* Products */;
			projectDirPath = "";
			projectRoot = "";
			targets = (
				123686F81FAB83A7009B8CAE /* SpaceRouge */,
			);
		};
/* End PBXProject section */

/* Begin PBXResourcesBuildPhase section */
		123686F61FAB83A7009B8CAE /* Resources */ = {
			isa = PBXResourcesBuildPhase;
			buildActionMask = 2147483647;
			files = (
				12F194CF1FFEAFDF00C6F13A /* icon.png in Resources */,
				123687091FAB83A8009B8CAE /* sansation.ttf in Resources */,
				12F194CD1FFEAFCA00C6F13A /* BigObstacleTextureSprite.png in Resources */,
				12F194D31FFEB42D00C6F13A /* headers in Resources */,
				12F194CB1FFEAFA900C6F13A /* SmallObstacleTextureSprite.png in Resources */,
			);
			runOnlyForDeploymentPostprocessing = 0;
		};
/* End PBXResourcesBuildPhase section */

/* Begin PBXShellScriptBuildPhase section */
		123686F71FAB83A7009B8CAE /* ShellScript */ = {
			isa = PBXShellScriptBuildPhase;
			buildActionMask = 2147483647;
			files = (
			);
			inputPaths = (
			);
			outputPaths = (
			);
			runOnlyForDeploymentPostprocessing = 0;
			shellPath = /bin/sh;
			shellScript = "# This shell script simply copies required SFML dylibs/frameworks into the application bundle frameworks folder.\n# If you're using static libraries (which is not recommended) you should remove this script from your project.\n\n# SETTINGS\nCMAKE_INSTALL_FRAMEWORK_PREFIX=\"/Library/Frameworks\"\nCMAKE_INSTALL_LIB_PREFIX=\"/usr/local/lib\"\nFRAMEWORKS_FULL_PATH=\"$BUILT_PRODUCTS_DIR/$FRAMEWORKS_FOLDER_PATH/\"\n\n# Are we building a project that uses frameworks or dylibs?\ncase \"$SFML_BINARY_TYPE\" in\n    DYLIBS)\n        frameworks=\"false\"\n        ;;\n    *)\n        frameworks=\"true\"\n        ;;\nesac\n\n# Echoes to stderr\nerror () # $* message to display\n{\n    echo $* 1>&2\n    exit 2\n}\n\nassert () # $1 is a boolean, $2...N is an error message\n{\n    if [ $# -lt 2 ]\n    then\n        error \"Internal error in assert: not enough args\"\n    fi\n\n    if [ $1 -ne 0 ]\n    then\n        shift\n        error \"$*\"\n    fi\n}\n\nforce_remove () # $@ is some paths\n{\n    test $# -ge 1\n    assert $? \"force_remove() requires at least one parameter\"\n    rm -fr $@\n    assert $? \"couldn't remove $@\"\n}\n\ncopy () # $1 is a source, $2 is a destination\n{\n    test $# -eq 2\n    assert $? \"copy() requires two parameters\"\n    ditto \"$1\" \"$2\"\n    assert $? \"couldn't copy $1 to $2\"\n}\n\nrequire () # $1 is a SFML module like 'system' or 'audio'\n{\n    dest=\"$BUILT_PRODUCTS_DIR/$FRAMEWORKS_FOLDER_PATH/\"\n\n    if [ -z \"$1\" ]\n    then\n        error \"require() requires one parameter!\"\n    else\n        # clean potentially old stuff\n        force_remove \"$dest/libsfml-$1\"*\n        force_remove \"$dest/sfml-$1.framework\"\n\n        # copy SFML libraries\n        if [ \"$frameworks\" = \"true\" ]\n        then\n            source=\"$CMAKE_INSTALL_FRAMEWORK_PREFIX/sfml-$1.framework\"\n            target=\"sfml-$1.framework\"\n        elif [ \"$SFML_LINK_DYLIBS_SUFFIX\" = \"-d\" ]\n        then\n            source=\"$CMAKE_INSTALL_LIB_PREFIX/libsfml-$1-d.dylib\"\n            target=\"`readlink $source`\"\n        else\n            source=\"$CMAKE_INSTALL_LIB_PREFIX/libsfml-$1.dylib\"\n            target=\"`readlink $source`\"\n        fi\n\n        copy \"$source\" \"$dest/$target\"\n\n        # copy extra dependencies\n        if [ \"$1\" = \"audio\" ]\n        then\n            # copy \"FLAC\" \"ogg\" \"vorbis\" \"vorbisenc\" \"vorbisfile\" \"OpenAL\" frameworks too\n            for f in \"FLAC\" \"ogg\" \"vorbis\" \"vorbisenc\" \"vorbisfile\" \"OpenAL\"\n            do\n                copy \"$CMAKE_INSTALL_FRAMEWORK_PREFIX/$f.framework\" \"$dest/$f.framework\"\n            done\n        elif [ \"$1\" = \"graphics\" ]\n        then\n            copy \"$CMAKE_INSTALL_FRAMEWORK_PREFIX/freetype.framework\" \"$dest/freetype.framework\"\n        fi\n    fi\n}\n\nif [ -n \"$SFML_SYSTEM\" ]\nthen\n    require \"system\"\nfi\n\nif [ -n \"$SFML_AUDIO\" ]\nthen\n    require \"audio\"\nfi\n\nif [ -n \"$SFML_NETWORK\" ]\nthen\n    require \"network\"\nfi\n\nif [ -n \"$SFML_WINDOW\" ]\nthen\n    require \"window\"\nfi\n\nif [ -n \"$SFML_GRAPHICS\" ]\nthen\n    require \"graphics\"\nfi\n\n                ";
		};
/* End PBXShellScriptBuildPhase section */

/* Begin PBXSourcesBuildPhase section */
		123686F41FAB83A7009B8CAE /* Sources */ = {
			isa = PBXSourcesBuildPhase;
			buildActionMask = 2147483647;
			files = (
				12F195161FFEB80F00C6F13A /* screen_01.cpp in Sources */,
				12F195071FFEB7FE00C6F13A /* Element.cpp in Sources */,
				12F195091FFEB7FE00C6F13A /* MeteorExplosion.cpp in Sources */,
				12A1A7841FB06D2D0055CF34 /* functions.cpp in Sources */,
				12F1950A1FFEB7FE00C6F13A /* cScreen.cpp in Sources */,
				12F1950B1FFEB7FE00C6F13A /* Collision.cpp in Sources */,
				12F195051FFEB7FE00C6F13A /* MediumObstacle.cpp in Sources */,
				123686FF1FAB83A7009B8CAE /* ResourcePath.mm in Sources */,
				12F195101FFEB7FE00C6F13A /* MissleExplosion.cpp in Sources */,
				12F1950F1FFEB7FE00C6F13A /* BigObstacle.cpp in Sources */,
				12F1950E1FFEB7FE00C6F13A /* Obstacle.cpp in Sources */,
				12F195061FFEB7FE00C6F13A /* main.cpp in Sources */,
				12F1950D1FFEB7FE00C6F13A /* Missle.cpp in Sources */,
				12F195151FFEB80F00C6F13A /* Spawner.cpp in Sources */,
				12F195041FFEB7FE00C6F13A /* Player.cpp in Sources */,
				12F195181FFEB80F00C6F13A /* SmallObstacle.cpp in Sources */,
				12F195081FFEB7FE00C6F13A /* Game.cpp in Sources */,
				12F1950C1FFEB7FE00C6F13A /* Explosion.cpp in Sources */,
				12F195171FFEB80F00C6F13A /* screen_02.cpp in Sources */,
			);
			runOnlyForDeploymentPostprocessing = 0;
		};
/* End PBXSourcesBuildPhase section */

/* Begin XCBuildConfiguration section */
		1236870C1FAB83A8009B8CAE /* Debug */ = {
			isa = XCBuildConfiguration;
			buildSettings = {
				CLANG_CXX_LANGUAGE_STANDARD = "c++0x";
				CLANG_CXX_LIBRARY = "libc++";
				CLANG_WARN_BLOCK_CAPTURE_AUTORELEASING = YES;
				CLANG_WARN_BOOL_CONVERSION = YES;
				CLANG_WARN_COMMA = YES;
				CLANG_WARN_CONSTANT_CONVERSION = YES;
				CLANG_WARN_EMPTY_BODY = YES;
				CLANG_WARN_ENUM_CONVERSION = YES;
				CLANG_WARN_INFINITE_RECURSION = YES;
				CLANG_WARN_INT_CONVERSION = YES;
				CLANG_WARN_NON_LITERAL_NULL_CONVERSION = YES;
				CLANG_WARN_OBJC_LITERAL_CONVERSION = YES;
				CLANG_WARN_RANGE_LOOP_ANALYSIS = YES;
				CLANG_WARN_STRICT_PROTOTYPES = YES;
				CLANG_WARN_SUSPICIOUS_MOVE = YES;
				CLANG_WARN_UNREACHABLE_CODE = YES;
				CLANG_WARN__DUPLICATE_METHOD_MATCH = YES;
				DEBUG_INFORMATION_FORMAT = dwarf;
				ENABLE_STRICT_OBJC_MSGSEND = YES;
				ENABLE_TESTABILITY = YES;
				FRAMEWORK_SEARCH_PATHS = (
					/Library/Frameworks/,
					"$(inherited)",
				);
				GCC_NO_COMMON_BLOCKS = YES;
				GCC_VERSION = com.apple.compilers.llvm.clang.1_0;
				GCC_WARN_64_TO_32_BIT_CONVERSION = YES;
				GCC_WARN_ABOUT_RETURN_TYPE = YES;
				GCC_WARN_UNDECLARED_SELECTOR = YES;
				GCC_WARN_UNINITIALIZED_AUTOS = YES;
				GCC_WARN_UNUSED_FUNCTION = YES;
				GCC_WARN_UNUSED_VARIABLE = YES;
				HEADER_SEARCH_PATHS = (
					/usr/local/include/,
					"$(inherited)",
				);
				"HEADER_SEARCH_PATHS[arch=*]" = /Users/miszo97/Desktop/SpaceRouge/SpaceRouge/headers;
				LIBRARY_SEARCH_PATHS = (
					/usr/local/lib/,
					"$(inherited)",
				);
				MACOSX_DEPLOYMENT_TARGET = 10.7;
				ONLY_ACTIVE_ARCH = YES;
				OTHER_LDFLAGS = (
					"$(inherited)",
					"$(SFML_SYSTEM)",
					"$(SFML_WINDOW)",
					"$(SFML_GRAPHICS)",
					"$(SFML_AUDIO)",
					"$(SFML_NETWORK)",
				);
				SFML_AUDIO = "$(SFML_LINK_PREFIX) sfml-audio$(SFML_LINK_SUFFIX)";
				SFML_BINARY_TYPE = FRAMEWORKS;
				SFML_GRAPHICS = "$(SFML_LINK_PREFIX) sfml-graphics$(SFML_LINK_SUFFIX)";
				SFML_LINK_DYLIBS_PREFIX = "-l";
				SFML_LINK_DYLIBS_SUFFIX = "";
				SFML_LINK_FRAMEWORKS_PREFIX = "-framework";
				SFML_LINK_FRAMEWORKS_SUFFIX = "";
				SFML_LINK_PREFIX = "$(SFML_LINK_$(SFML_BINARY_TYPE)_PREFIX)";
				SFML_LINK_SUFFIX = "$(SFML_LINK_$(SFML_BINARY_TYPE)_SUFFIX)";
				SFML_NETWORK = "$(SFML_LINK_PREFIX) sfml-network$(SFML_LINK_SUFFIX)";
				SFML_SYSTEM = "$(SFML_LINK_PREFIX) sfml-system$(SFML_LINK_SUFFIX)";
				SFML_WINDOW = "$(SFML_LINK_PREFIX) sfml-window$(SFML_LINK_SUFFIX)";
				SUPPORTED_PLATFORMS = macosx;
			};
			name = Debug;
		};
		1236870D1FAB83A8009B8CAE /* Release */ = {
			isa = XCBuildConfiguration;
			buildSettings = {
				CLANG_CXX_LANGUAGE_STANDARD = "c++0x";
				CLANG_CXX_LIBRARY = "libc++";
				CLANG_WARN_BLOCK_CAPTURE_AUTORELEASING = YES;
				CLANG_WARN_BOOL_CONVERSION = YES;
				CLANG_WARN_COMMA = YES;
				CLANG_WARN_CONSTANT_CONVERSION = YES;
				CLANG_WARN_EMPTY_BODY = YES;
				CLANG_WARN_ENUM_CONVERSION = YES;
				CLANG_WARN_INFINITE_RECURSION = YES;
				CLANG_WARN_INT_CONVERSION = YES;
				CLANG_WARN_NON_LITERAL_NULL_CONVERSION = YES;
				CLANG_WARN_OBJC_LITERAL_CONVERSION = YES;
				CLANG_WARN_RANGE_LOOP_ANALYSIS = YES;
				CLANG_WARN_STRICT_PROTOTYPES = YES;
				CLANG_WARN_SUSPICIOUS_MOVE = YES;
				CLANG_WARN_UNREACHABLE_CODE = YES;
				CLANG_WARN__DUPLICATE_METHOD_MATCH = YES;
				DEBUG_INFORMATION_FORMAT = dwarf;
				ENABLE_STRICT_OBJC_MSGSEND = YES;
				FRAMEWORK_SEARCH_PATHS = (
					/Library/Frameworks/,
					"$(inherited)",
				);
				GCC_NO_COMMON_BLOCKS = YES;
				GCC_VERSION = com.apple.compilers.llvm.clang.1_0;
				GCC_WARN_64_TO_32_BIT_CONVERSION = YES;
				GCC_WARN_ABOUT_RETURN_TYPE = YES;
				GCC_WARN_UNDECLARED_SELECTOR = YES;
				GCC_WARN_UNINITIALIZED_AUTOS = YES;
				GCC_WARN_UNUSED_FUNCTION = YES;
				GCC_WARN_UNUSED_VARIABLE = YES;
				HEADER_SEARCH_PATHS = (
					/usr/local/include/,
					"$(inherited)",
				);
				LIBRARY_SEARCH_PATHS = (
					/usr/local/lib/,
					"$(inherited)",
				);
				MACOSX_DEPLOYMENT_TARGET = 10.7;
				OTHER_LDFLAGS = (
					"$(inherited)",
					"$(SFML_SYSTEM)",
					"$(SFML_WINDOW)",
					"$(SFML_GRAPHICS)",
					"$(SFML_AUDIO)",
					"$(SFML_NETWORK)",
				);
				SFML_AUDIO = "$(SFML_LINK_PREFIX) sfml-audio$(SFML_LINK_SUFFIX)";
				SFML_BINARY_TYPE = FRAMEWORKS;
				SFML_GRAPHICS = "$(SFML_LINK_PREFIX) sfml-graphics$(SFML_LINK_SUFFIX)";
				SFML_LINK_DYLIBS_PREFIX = "-l";
				SFML_LINK_DYLIBS_SUFFIX = "";
				SFML_LINK_FRAMEWORKS_PREFIX = "-framework";
				SFML_LINK_FRAMEWORKS_SUFFIX = "";
				SFML_LINK_PREFIX = "$(SFML_LINK_$(SFML_BINARY_TYPE)_PREFIX)";
				SFML_LINK_SUFFIX = "$(SFML_LINK_$(SFML_BINARY_TYPE)_SUFFIX)";
				SFML_NETWORK = "$(SFML_LINK_PREFIX) sfml-network$(SFML_LINK_SUFFIX)";
				SFML_SYSTEM = "$(SFML_LINK_PREFIX) sfml-system$(SFML_LINK_SUFFIX)";
				SFML_WINDOW = "$(SFML_LINK_PREFIX) sfml-window$(SFML_LINK_SUFFIX)";
				SUPPORTED_PLATFORMS = macosx;
			};
			name = Release;
		};
		1236870F1FAB83A8009B8CAE /* Debug */ = {
			isa = XCBuildConfiguration;
			buildSettings = {
				CODE_SIGN_STYLE = Automatic;
				INFOPLIST_FILE = "SpaceRouge/SpaceRouge-Info.plist";
				LD_RUNPATH_SEARCH_PATHS = "@loader_path/../Frameworks";
				PRODUCT_BUNDLE_IDENTIFIER = "mysho.${PRODUCT_NAME:rfc1034identifier}";
				PRODUCT_NAME = "$(TARGET_NAME)";
			};
			name = Debug;
		};
		123687101FAB83A8009B8CAE /* Release */ = {
			isa = XCBuildConfiguration;
			buildSettings = {
				CODE_SIGN_STYLE = Automatic;
				INFOPLIST_FILE = "SpaceRouge/SpaceRouge-Info.plist";
				LD_RUNPATH_SEARCH_PATHS = "@loader_path/../Frameworks";
				PRODUCT_BUNDLE_IDENTIFIER = "mysho.${PRODUCT_NAME:rfc1034identifier}";
				PRODUCT_NAME = "$(TARGET_NAME)";
			};
			name = Release;
		};
/* End XCBuildConfiguration section */

/* Begin XCConfigurationList section */
		123686F31FAB83A7009B8CAE /* Build configuration list for PBXProject "SpaceRouge" */ = {
			isa = XCConfigurationList;
			buildConfigurations = (
				1236870C1FAB83A8009B8CAE /* Debug */,
				1236870D1FAB83A8009B8CAE /* Release */,
			);
			defaultConfigurationIsVisible = 0;
			defaultConfigurationName = Release;
		};
		1236870E1FAB83A8009B8CAE /* Build configuration list for PBXNativeTarget "SpaceRouge" */ = {
			isa = XCConfigurationList;
			buildConfigurations = (
				1236870F1FAB83A8009B8CAE /* Debug */,
				123687101FAB83A8009B8CAE /* Release */,
			);
			defaultConfigurationIsVisible = 0;
			defaultConfigurationName = Release;
		};
/* End XCConfigurationList section */
	};
	rootObject = 123686F01FAB83A7009B8CAE /* Project object */;
}
